
Microsoft Visual Studio Solution File, Format Version 12.00
# Visual Studio Version 16
VisualStudioVersion = 16.0.30907.101
MinimumVisualStudioVersion = 10.0.40219.1
Project("{FAE04EC0-301F-11D3-BF4B-00C04F79EFBC}") = "BankaKonto", "BankaKonto\BankaKonto.csproj", "{EA94F5AD-D694-430C-8623-8281BDEBE63F}"
EndProject
Global
	GlobalSection(SolutionConfigurationPlatforms) = preSolution
		Debug|Any CPU = Debug|Any CPU
		Release|Any CPU = Release|Any CPU
	EndGlobalSection
	GlobalSection(ProjectConfigurationPlatforms) = postSolution
		{EA94F5AD-D694-430C-8623-8281BDEBE63F}.Debug|Any CPU.ActiveCfg = Debug|Any CPU
		{EA94F5AD-D694-430C-8623-8281BDEBE63F}.Debug|Any CPU.Build.0 = Debug|Any CPU
		{EA94F5AD-D694-430C-8623-8281BDEBE63F}.Release|Any CPU.ActiveCfg = Release|Any CPU
		{EA94F5AD-D694-430C-8623-8281BDEBE63F}.Release|Any CPU.Build.0 = Release|Any CPU
	EndGlobalSection
	GlobalSection(SolutionProperties) = preSolution
		HideSolutionNode = FALSE
	EndGlobalSection
	GlobalSection(ExtensibilityGlobals) = postSolution
		SolutionGuid = {0A8C9205-BA0A-4411-A78E-D7E8746A7388}
	EndGlobalSection
EndGlobal
